
Microsoft Visual Studio Solution File, Format Version 12.00
# Visual Studio Version 17
VisualStudioVersion = 17.0.32014.148
MinimumVisualStudioVersion = 10.0.40219.1
Project("{9A19103F-16F7-4668-BE54-9A1E7A4F7556}") = "Example.Api", "Example.Api\Example.Api.csproj", "{F38FCDF7-EA14-4F5A-82D6-543ADA9DAA2D}"
EndProject
Project("{2150E333-8FDC-42A3-9474-1A3956D46DE8}") = "Api", "Api", "{56BBDBD1-3132-4192-B637-800B00782BF0}"
EndProject
Project("{2150E333-8FDC-42A3-9474-1A3956D46DE8}") = "Infrastructure", "Infrastructure", "{E3120668-6291-4E68-B41A-CE38D98871FC}"
EndProject
Project("{2150E333-8FDC-42A3-9474-1A3956D46DE8}") = "Core", "Core", "{CEF31184-4B7B-4AA0-B343-90D739D128B5}"
EndProject
Project("{2150E333-8FDC-42A3-9474-1A3956D46DE8}") = "src", "src", "{7AB8BF0D-A4F7-450F-A331-DA064E888A35}"
EndProject
Project("{9A19103F-16F7-4668-BE54-9A1E7A4F7556}") = "Example.Application", "Example.Application\Example.Application.csproj", "{693C64A8-395F-49A0-B539-04FD81A55A18}"
EndProject
Project("{9A19103F-16F7-4668-BE54-9A1E7A4F7556}") = "Example.Domain", "Example.Domain\Example.Domain.csproj", "{F3C2B42C-AA33-4B1A-99B3-0649D47ED25D}"
EndProject
Project("{9A19103F-16F7-4668-BE54-9A1E7A4F7556}") = "Example.Infrastructure", "Example.Infrastructure\Example.Infrastructure.csproj", "{0ADA4060-9D52-4A6F-A620-878C164736F4}"
EndProject
Project("{9A19103F-16F7-4668-BE54-9A1E7A4F7556}") = "Example.Persistence", "Example.Persistence\Example.Persistence.csproj", "{AA5305E0-5453-459C-B027-019F5A57D615}"
EndProject
Project("{2150E333-8FDC-42A3-9474-1A3956D46DE8}") = "Tests", "Tests", "{2F8B56E7-BD76-481C-BB7A-A614BE35246E}"
EndProject
Project("{9A19103F-16F7-4668-BE54-9A1E7A4F7556}") = "Example.Test", "Example.Test\Example.Test.csproj", "{99E6511D-2F42-48CC-A0C6-17B8FE2F4671}"
EndProject
Project("{FAE04EC0-301F-11D3-BF4B-00C04F79EFBC}") = "Example.Identity", "Example.Identity\Example.Identity.csproj", "{383DAC09-CF70-415F-A45D-C89CF3541AC7}"
EndProject
Global
	GlobalSection(SolutionConfigurationPlatforms) = preSolution
		Debug|Any CPU = Debug|Any CPU
		Release|Any CPU = Release|Any CPU
	EndGlobalSection
	GlobalSection(ProjectConfigurationPlatforms) = postSolution
		{F38FCDF7-EA14-4F5A-82D6-543ADA9DAA2D}.Debug|Any CPU.ActiveCfg = Debug|Any CPU
		{F38FCDF7-EA14-4F5A-82D6-543ADA9DAA2D}.Debug|Any CPU.Build.0 = Debug|Any CPU
		{F38FCDF7-EA14-4F5A-82D6-543ADA9DAA2D}.Release|Any CPU.ActiveCfg = Release|Any CPU
		{F38FCDF7-EA14-4F5A-82D6-543ADA9DAA2D}.Release|Any CPU.Build.0 = Release|Any CPU
		{693C64A8-395F-49A0-B539-04FD81A55A18}.Debug|Any CPU.ActiveCfg = Debug|Any CPU
		{693C64A8-395F-49A0-B539-04FD81A55A18}.Debug|Any CPU.Build.0 = Debug|Any CPU
		{693C64A8-395F-49A0-B539-04FD81A55A18}.Release|Any CPU.ActiveCfg = Release|Any CPU
		{693C64A8-395F-49A0-B539-04FD81A55A18}.Release|Any CPU.Build.0 = Release|Any CPU
		{F3C2B42C-AA33-4B1A-99B3-0649D47ED25D}.Debug|Any CPU.ActiveCfg = Debug|Any CPU
		{F3C2B42C-AA33-4B1A-99B3-0649D47ED25D}.Debug|Any CPU.Build.0 = Debug|Any CPU
		{F3C2B42C-AA33-4B1A-99B3-0649D47ED25D}.Release|Any CPU.ActiveCfg = Release|Any CPU
		{F3C2B42C-AA33-4B1A-99B3-0649D47ED25D}.Release|Any CPU.Build.0 = Release|Any CPU
		{0ADA4060-9D52-4A6F-A620-878C164736F4}.Debug|Any CPU.ActiveCfg = Debug|Any CPU
		{0ADA4060-9D52-4A6F-A620-878C164736F4}.Debug|Any CPU.Build.0 = Debug|Any CPU
		{0ADA4060-9D52-4A6F-A620-878C164736F4}.Release|Any CPU.ActiveCfg = Release|Any CPU
		{0ADA4060-9D52-4A6F-A620-878C164736F4}.Release|Any CPU.Build.0 = Release|Any CPU
		{AA5305E0-5453-459C-B027-019F5A57D615}.Debug|Any CPU.ActiveCfg = Debug|Any CPU
		{AA5305E0-5453-459C-B027-019F5A57D615}.Debug|Any CPU.Build.0 = Debug|Any CPU
		{AA5305E0-5453-459C-B027-019F5A57D615}.Release|Any CPU.ActiveCfg = Release|Any CPU
		{AA5305E0-5453-459C-B027-019F5A57D615}.Release|Any CPU.Build.0 = Release|Any CPU
		{99E6511D-2F42-48CC-A0C6-17B8FE2F4671}.Debug|Any CPU.ActiveCfg = Debug|Any CPU
		{99E6511D-2F42-48CC-A0C6-17B8FE2F4671}.Debug|Any CPU.Build.0 = Debug|Any CPU
		{99E6511D-2F42-48CC-A0C6-17B8FE2F4671}.Release|Any CPU.ActiveCfg = Release|Any CPU
		{99E6511D-2F42-48CC-A0C6-17B8FE2F4671}.Release|Any CPU.Build.0 = Release|Any CPU
		{383DAC09-CF70-415F-A45D-C89CF3541AC7}.Debug|Any CPU.ActiveCfg = Debug|Any CPU
		{383DAC09-CF70-415F-A45D-C89CF3541AC7}.Debug|Any CPU.Build.0 = Debug|Any CPU
		{383DAC09-CF70-415F-A45D-C89CF3541AC7}.Release|Any CPU.ActiveCfg = Release|Any CPU
		{383DAC09-CF70-415F-A45D-C89CF3541AC7}.Release|Any CPU.Build.0 = Release|Any CPU
	EndGlobalSection
	GlobalSection(SolutionProperties) = preSolution
		HideSolutionNode = FALSE
	EndGlobalSection
	GlobalSection(NestedProjects) = preSolution
		{F38FCDF7-EA14-4F5A-82D6-543ADA9DAA2D} = {56BBDBD1-3132-4192-B637-800B00782BF0}
		{56BBDBD1-3132-4192-B637-800B00782BF0} = {7AB8BF0D-A4F7-450F-A331-DA064E888A35}
		{E3120668-6291-4E68-B41A-CE38D98871FC} = {7AB8BF0D-A4F7-450F-A331-DA064E888A35}
		{CEF31184-4B7B-4AA0-B343-90D739D128B5} = {7AB8BF0D-A4F7-450F-A331-DA064E888A35}
		{693C64A8-395F-49A0-B539-04FD81A55A18} = {CEF31184-4B7B-4AA0-B343-90D739D128B5}
		{F3C2B42C-AA33-4B1A-99B3-0649D47ED25D} = {CEF31184-4B7B-4AA0-B343-90D739D128B5}
		{0ADA4060-9D52-4A6F-A620-878C164736F4} = {E3120668-6291-4E68-B41A-CE38D98871FC}
		{AA5305E0-5453-459C-B027-019F5A57D615} = {E3120668-6291-4E68-B41A-CE38D98871FC}
		{99E6511D-2F42-48CC-A0C6-17B8FE2F4671} = {2F8B56E7-BD76-481C-BB7A-A614BE35246E}
		{383DAC09-CF70-415F-A45D-C89CF3541AC7} = {E3120668-6291-4E68-B41A-CE38D98871FC}
	EndGlobalSection
	GlobalSection(ExtensibilityGlobals) = postSolution
		SolutionGuid = {0586F5FF-E7B0-47CF-A948-112FEA78CD8E}
	EndGlobalSection
EndGlobal
